// !$*UTF8*$!
{
	archiveVersion = 1;
	classes = {
	};
	objectVersion = 46;
	objects = {

/* Begin PBXBuildFile section */
		81334CC81B67312100A9284C /* AppDelegate.swift in Sources */ = {isa = PBXBuildFile; fileRef = 81334CC71B67312100A9284C /* AppDelegate.swift */; };
		81334CCA1B67312100A9284C /* Images.xcassets in Resources */ = {isa = PBXBuildFile; fileRef = 81334CC91B67312100A9284C /* Images.xcassets */; };
		81334CCD1B67312100A9284C /* MainMenu.xib in Resources */ = {isa = PBXBuildFile; fileRef = 81334CCB1B67312100A9284C /* MainMenu.xib */; };
		81334CD91B67312100A9284C /* FirToolsTests.swift in Sources */ = {isa = PBXBuildFile; fileRef = 81334CD81B67312100A9284C /* FirToolsTests.swift */; };
		81334CE41B67430200A9284C /* MasterViewController.swift in Sources */ = {isa = PBXBuildFile; fileRef = 81334CE21B67430200A9284C /* MasterViewController.swift */; };
		81334CE51B67430200A9284C /* MasterViewController.xib in Resources */ = {isa = PBXBuildFile; fileRef = 81334CE31B67430200A9284C /* MasterViewController.xib */; };
/* End PBXBuildFile section */

/* Begin PBXContainerItemProxy section */
		81334CD31B67312100A9284C /* PBXContainerItemProxy */ = {
			isa = PBXContainerItemProxy;
			containerPortal = 81334CBA1B67312100A9284C /* Project object */;
			proxyType = 1;
			remoteGlobalIDString = 81334CC11B67312100A9284C;
			remoteInfo = FirTools;
		};
/* End PBXContainerItemProxy section */

/* Begin PBXFileReference section */
		81334CC21B67312100A9284C /* FirTools.app */ = {isa = PBXFileReference; explicitFileType = wrapper.application; includeInIndex = 0; path = FirTools.app; sourceTree = BUILT_PRODUCTS_DIR; };
		81334CC61B67312100A9284C /* Info.plist */ = {isa = PBXFileReference; lastKnownFileType = text.plist.xml; path = Info.plist; sourceTree = "<group>"; };
		81334CC71B67312100A9284C /* AppDelegate.swift */ = {isa = PBXFileReference; lastKnownFileType = sourcecode.swift; path = AppDelegate.swift; sourceTree = "<group>"; };
		81334CC91B67312100A9284C /* Images.xcassets */ = {isa = PBXFileReference; lastKnownFileType = folder.assetcatalog; path = Images.xcassets; sourceTree = "<group>"; };
		81334CCC1B67312100A9284C /* Base */ = {isa = PBXFileReference; lastKnownFileType = file.xib; name = Base; path = Base.lproj/MainMenu.xib; sourceTree = "<group>"; };
		81334CD21B67312100A9284C /* FirToolsTests.xctest */ = {isa = PBXFileReference; explicitFileType = wrapper.cfbundle; includeInIndex = 0; path = FirToolsTests.xctest; sourceTree = BUILT_PRODUCTS_DIR; };
		81334CD71B67312100A9284C /* Info.plist */ = {isa = PBXFileReference; lastKnownFileType = text.plist.xml; path = Info.plist; sourceTree = "<group>"; };
		81334CD81B67312100A9284C /* FirToolsTests.swift */ = {isa = PBXFileReference; lastKnownFileType = sourcecode.swift; path = FirToolsTests.swift; sourceTree = "<group>"; };
		81334CE21B67430200A9284C /* MasterViewController.swift */ = {isa = PBXFileReference; fileEncoding = 4; lastKnownFileType = sourcecode.swift; path = MasterViewController.swift; sourceTree = "<group>"; };
		81334CE31B67430200A9284C /* MasterViewController.xib */ = {isa = PBXFileReference; fileEncoding = 4; lastKnownFileType = file.xib; path = MasterViewController.xib; sourceTree = "<group>"; };
/* End PBXFileReference section */

/* Begin PBXFrameworksBuildPhase section */
		81334CBF1B67312100A9284C /* Frameworks */ = {
			isa = PBXFrameworksBuildPhase;
			buildActionMask = 2147483647;
			files = (
			);
			runOnlyForDeploymentPostprocessing = 0;
		};
		81334CCF1B67312100A9284C /* Frameworks */ = {
			isa = PBXFrameworksBuildPhase;
			buildActionMask = 2147483647;
			files = (
			);
			runOnlyForDeploymentPostprocessing = 0;
		};
/* End PBXFrameworksBuildPhase section */

/* Begin PBXGroup section */
		81334CB91B67312100A9284C = {
			isa = PBXGroup;
			children = (
				81334CC41B67312100A9284C /* FirTools */,
				81334CD51B67312100A9284C /* FirToolsTests */,
				81334CC31B67312100A9284C /* Products */,
			);
			sourceTree = "<group>";
		};
		81334CC31B67312100A9284C /* Products */ = {
			isa = PBXGroup;
			children = (
				81334CC21B67312100A9284C /* FirTools.app */,
				81334CD21B67312100A9284C /* FirToolsTests.xctest */,
			);
			name = Products;
			sourceTree = "<group>";
		};
		81334CC41B67312100A9284C /* FirTools */ = {
			isa = PBXGroup;
			children = (
				81334CC71B67312100A9284C /* AppDelegate.swift */,
				81334CC91B67312100A9284C /* Images.xcassets */,
				81334CCB1B67312100A9284C /* MainMenu.xib */,
				81334CC51B67312100A9284C /* Supporting Files */,
				81334CE21B67430200A9284C /* MasterViewController.swift */,
				81334CE31B67430200A9284C /* MasterViewController.xib */,
			);
			path = FirTools;
			sourceTree = "<group>";
		};
		81334CC51B67312100A9284C /* Supporting Files */ = {
			isa = PBXGroup;
			children = (
				81334CC61B67312100A9284C /* Info.plist */,
			);
			name = "Supporting Files";
			sourceTree = "<group>";
		};
		81334CD51B67312100A9284C /* FirToolsTests */ = {
			isa = PBXGroup;
			children = (
				81334CD81B67312100A9284C /* FirToolsTests.swift */,
				81334CD61B67312100A9284C /* Supporting Files */,
			);
			path = FirToolsTests;
			sourceTree = "<group>";
		};
		81334CD61B67312100A9284C /* Supporting Files */ = {
			isa = PBXGroup;
			children = (
				81334CD71B67312100A9284C /* Info.plist */,
			);
			name = "Supporting Files";
			sourceTree = "<group>";
		};
/* End PBXGroup section */

/* Begin PBXNativeTarget section */
		81334CC11B67312100A9284C /* FirTools */ = {
			isa = PBXNativeTarget;
			buildConfigurationList = 81334CDC1B67312100A9284C /* Build configuration list for PBXNativeTarget "FirTools" */;
			buildPhases = (
				81334CBE1B67312100A9284C /* Sources */,
				81334CBF1B67312100A9284C /* Frameworks */,
				81334CC01B67312100A9284C /* Resources */,
			);
			buildRules = (
			);
			dependencies = (
			);
			name = FirTools;
			productName = FirTools;
			productReference = 81334CC21B67312100A9284C /* FirTools.app */;
			productType = "com.apple.product-type.application";
		};
		81334CD11B67312100A9284C /* FirToolsTests */ = {
			isa = PBXNativeTarget;
			buildConfigurationList = 81334CDF1B67312100A9284C /* Build configuration list for PBXNativeTarget "FirToolsTests" */;
			buildPhases = (
				81334CCE1B67312100A9284C /* Sources */,
				81334CCF1B67312100A9284C /* Frameworks */,
				81334CD01B67312100A9284C /* Resources */,
			);
			buildRules = (
			);
			dependencies = (
				81334CD41B67312100A9284C /* PBXTargetDependency */,
			);
			name = FirToolsTests;
			productName = FirToolsTests;
			productReference = 81334CD21B67312100A9284C /* FirToolsTests.xctest */;
			productType = "com.apple.product-type.bundle.unit-test";
		};
/* End PBXNativeTarget section */

/* Begin PBXProject section */
		81334CBA1B67312100A9284C /* Project object */ = {
			isa = PBXProject;
			attributes = {
				LastUpgradeCheck = 0640;
				ORGANIZATIONNAME = sda;
				TargetAttributes = {
					81334CC11B67312100A9284C = {
						CreatedOnToolsVersion = 6.4;
					};
					81334CD11B67312100A9284C = {
						CreatedOnToolsVersion = 6.4;
						TestTargetID = 81334CC11B67312100A9284C;
					};
				};
			};
			buildConfigurationList = 81334CBD1B67312100A9284C /* Build configuration list for PBXProject "FirTools" */;
			compatibilityVersion = "Xcode 3.2";
			developmentRegion = English;
			hasScannedForEncodings = 0;
			knownRegions = (
				en,
				Base,
			);
			mainGroup = 81334CB91B67312100A9284C;
			productRefGroup = 81334CC31B67312100A9284C /* Products */;
			projectDirPath = "";
			projectRoot = "";
			targets = (
				81334CC11B67312100A9284C /* FirTools */,
				81334CD11B67312100A9284C /* FirToolsTests */,
			);
		};
/* End PBXProject section */

/* Begin PBXResourcesBuildPhase section */
		81334CC01B67312100A9284C /* Resources */ = {
			isa = PBXResourcesBuildPhase;
			buildActionMask = 2147483647;
			files = (
				81334CCA1B67312100A9284C /* Images.xcassets in Resources */,
				81334CCD1B67312100A9284C /* MainMenu.xib in Resources */,
				81334CE51B67430200A9284C /* MasterViewController.xib in Resources */,
			);
			runOnlyForDeploymentPostprocessing = 0;
		};
		81334CD01B67312100A9284C /* Resources */ = {
			isa = PBXResourcesBuildPhase;
			buildActionMask = 2147483647;
			files = (
			);
			runOnlyForDeploymentPostprocessing = 0;
		};
/* End PBXResourcesBuildPhase section */

/* Begin PBXSourcesBuildPhase section */
		81334CBE1B67312100A9284C /* Sources */ = {
			isa = PBXSourcesBuildPhase;
			buildActionMask = 2147483647;
			files = (
				81334CE41B67430200A9284C /* MasterViewController.swift in Sources */,
				81334CC81B67312100A9284C /* AppDelegate.swift in Sources */,
			);
			runOnlyForDeploymentPostprocessing = 0;
		};
		81334CCE1B67312100A9284C /* Sources */ = {
			isa = PBXSourcesBuildPhase;
			buildActionMask = 2147483647;
			files = (
				81334CD91B67312100A9284C /* FirToolsTests.swift in Sources */,
			);
			runOnlyForDeploymentPostprocessing = 0;
		};
/* End PBXSourcesBuildPhase section */

/* Begin PBXTargetDependency section */
		81334CD41B67312100A9284C /* PBXTargetDependency */ = {
			isa = PBXTargetDependency;
			target = 81334CC11B67312100A9284C /* FirTools */;
			targetProxy = 81334CD31B67312100A9284C /* PBXContainerItemProxy */;
		};
/* End PBXTargetDependency section */

/* Begin PBXVariantGroup section */
		81334CCB1B67312100A9284C /* MainMenu.xib */ = {
			isa = PBXVariantGroup;
			children = (
				81334CCC1B67312100A9284C /* Base */,
			);
			name = MainMenu.xib;
			sourceTree = "<group>";
		};
/* End PBXVariantGroup section */

/* Begin XCBuildConfiguration section */
		81334CDA1B67312100A9284C /* Debug */ = {
			isa = XCBuildConfiguration;
			buildSettings = {
				ALWAYS_SEARCH_USER_PATHS = NO;
				CLANG_CXX_LANGUAGE_STANDARD = "gnu++0x";
				CLANG_CXX_LIBRARY = "libc++";
				CLANG_ENABLE_MODULES = YES;
				CLANG_ENABLE_OBJC_ARC = YES;
				CLANG_WARN_BOOL_CONVERSION = YES;
				CLANG_WARN_CONSTANT_CONVERSION = YES;
				CLANG_WARN_DIRECT_OBJC_ISA_USAGE = YES_ERROR;
				CLANG_WARN_EMPTY_BODY = YES;
				CLANG_WARN_ENUM_CONVERSION = YES;
				CLANG_WARN_INT_CONVERSION = YES;
				CLANG_WARN_OBJC_ROOT_CLASS = YES_ERROR;
				CLANG_WARN_UNREACHABLE_CODE = YES;
				CLANG_WARN__DUPLICATE_METHOD_MATCH = YES;
				CODE_SIGN_IDENTITY = "-";
				COPY_PHASE_STRIP = NO;
				DEBUG_INFORMATION_FORMAT = dwarf;
				ENABLE_STRICT_OBJC_MSGSEND = YES;
				GCC_C_LANGUAGE_STANDARD = gnu99;
				GCC_DYNAMIC_NO_PIC = NO;
				GCC_NO_COMMON_BLOCKS = YES;
				GCC_OPTIMIZATION_LEVEL = 0;
				GCC_PREPROCESSOR_DEFINITIONS = (
					"DEBUG=1",
					"$(inherited)",
				);
				GCC_SYMBOLS_PRIVATE_EXTERN = NO;
				GCC_WARN_64_TO_32_BIT_CONVERSION = YES;
				GCC_WARN_ABOUT_RETURN_TYPE = YES_ERROR;
				GCC_WARN_UNDECLARED_SELECTOR = YES;
				GCC_WARN_UNINITIALIZED_AUTOS = YES_AGGRESSIVE;
				GCC_WARN_UNUSED_FUNCTION = YES;
				GCC_WARN_UNUSED_VARIABLE = YES;
				MACOSX_DEPLOYMENT_TARGET = 10.10;
				MTL_ENABLE_DEBUG_INFO = YES;
				ONLY_ACTIVE_ARCH = YES;
				SDKROOT = macosx;
				SWIFT_OPTIMIZATION_LEVEL = "-Onone";
			};
			name = Debug;
		};
		81334CDB1B67312100A9284C /* Release */ = {
			isa = XCBuildConfiguration;
			buildSettings = {
				ALWAYS_SEARCH_USER_PATHS = NO;
				CLANG_CXX_LANGUAGE_STANDARD = "gnu++0x";
				CLANG_CXX_LIBRARY = "libc++";
				CLANG_ENABLE_MODULES = YES;
				CLANG_ENABLE_OBJC_ARC = YES;
				CLANG_WARN_BOOL_CONVERSION = YES;
				CLANG_WARN_CONSTANT_CONVERSION = YES;
				CLANG_WARN_DIRECT_OBJC_ISA_USAGE = YES_ERROR;
				CLANG_WARN_EMPTY_BODY = YES;
				CLANG_WARN_ENUM_CONVERSION = YES;
				CLANG_WARN_INT_CONVERSION = YES;
				CLANG_WARN_OBJC_ROOT_CLASS = YES_ERROR;
				CLANG_WARN_UNREACHABLE_CODE = YES;
				CLANG_WARN__DUPLICATE_METHOD_MATCH = YES;
				CODE_SIGN_IDENTITY = "-";
				COPY_PHASE_STRIP = NO;
				DEBUG_INFORMATION_FORMAT = "dwarf-with-dsym";
				ENABLE_NS_ASSERTIONS = NO;
				ENABLE_STRICT_OBJC_MSGSEND = YES;
				GCC_C_LANGUAGE_STANDARD = gnu99;
				GCC_NO_COMMON_BLOCKS = YES;
				GCC_WARN_64_TO_32_BIT_CONVERSION = YES;
				GCC_WARN_ABOUT_RETURN_TYPE = YES_ERROR;
				GCC_WARN_UNDECLARED_SELECTOR = YES;
				GCC_WARN_UNINITIALIZED_AUTOS = YES_AGGRESSIVE;
				GCC_WARN_UNUSED_FUNCTION = YES;
				GCC_WARN_UNUSED_VARIABLE = YES;
				MACOSX_DEPLOYMENT_TARGET = 10.10;
				MTL_ENABLE_DEBUG_INFO = NO;
				SDKROOT = macosx;
			};
			name = Release;
		};
		81334CDD1B67312100A9284C /* Debug */ = {
			isa = XCBuildConfiguration;
			buildSettings = {
				ASSETCATALOG_COMPILER_APPICON_NAME = AppIcon;
				COMBINE_HIDPI_IMAGES = YES;
				INFOPLIST_FILE = FirTools/Info.plist;
				LD_RUNPATH_SEARCH_PATHS = "$(inherited) @executable_path/../Frameworks";
				PRODUCT_NAME = "$(TARGET_NAME)";
			};
			name = Debug;
		};
		81334CDE1B67312100A9284C /* Release */ = {
			isa = XCBuildConfiguration;
			buildSettings = {
				ASSETCATALOG_COMPILER_APPICON_NAME = AppIcon;
				COMBINE_HIDPI_IMAGES = YES;
				INFOPLIST_FILE = FirTools/Info.plist;
				LD_RUNPATH_SEARCH_PATHS = "$(inherited) @executable_path/../Frameworks";
				PRODUCT_NAME = "$(TARGET_NAME)";
			};
			name = Release;
		};
		81334CE01B67312100A9284C /* Debug */ = {
			isa = XCBuildConfiguration;
			buildSettings = {
				BUNDLE_LOADER = "$(TEST_HOST)";
				COMBINE_HIDPI_IMAGES = YES;
				FRAMEWORK_SEARCH_PATHS = (
					"$(DEVELOPER_FRAMEWORKS_DIR)",
					"$(inherited)",
				);
				GCC_PREPROCESSOR_DEFINITIONS = (
					"DEBUG=1",
					"$(inherited)",
				);
				INFOPLIST_FILE = FirToolsTests/Info.plist;
				LD_RUNPATH_SEARCH_PATHS = "$(inherited) @executable_path/../Frameworks @loader_path/../Frameworks";
				PRODUCT_NAME = "$(TARGET_NAME)";
				TEST_HOST = "$(BUILT_PRODUCTS_DIR)/FirTools.app/Contents/MacOS/FirTools";
			};
			name = Debug;
		};
		81334CE11B67312100A9284C /* Release */ = {
			isa = XCBuildConfiguration;
			buildSettings = {
				BUNDLE_LOADER = "$(TEST_HOST)";
				COMBINE_HIDPI_IMAGES = YES;
				FRAMEWORK_SEARCH_PATHS = (
					"$(DEVELOPER_FRAMEWORKS_DIR)",
					"$(inherited)",
				);
				INFOPLIST_FILE = FirToolsTests/Info.plist;
				LD_RUNPATH_SEARCH_PATHS = "$(inherited) @executable_path/../Frameworks @loader_path/../Frameworks";
				PRODUCT_NAME = "$(TARGET_NAME)";
				TEST_HOST = "$(BUILT_PRODUCTS_DIR)/FirTools.app/Contents/MacOS/FirTools";
			};
			name = Release;
		};
/* End XCBuildConfiguration section */

/* Begin XCConfigurationList section */
		81334CBD1B67312100A9284C /* Build configuration list for PBXProject "FirTools" */ = {
			isa = XCConfigurationList;
			buildConfigurations = (
				81334CDA1B67312100A9284C /* Debug */,
				81334CDB1B67312100A9284C /* Release */,
			);
			defaultConfigurationIsVisible = 0;
			defaultConfigurationName = Release;
		};
		81334CDC1B67312100A9284C /* Build configuration list for PBXNativeTarget "FirTools" */ = {
			isa = XCConfigurationList;
			buildConfigurations = (
				81334CDD1B67312100A9284C /* Debug */,
				81334CDE1B67312100A9284C /* Release */,
			);
			defaultConfigurationIsVisible = 0;
		};
		81334CDF1B67312100A9284C /* Build configuration list for PBXNativeTarget "FirToolsTests" */ = {
			isa = XCConfigurationList;
			buildConfigurations = (
				81334CE01B67312100A9284C /* Debug */,
				81334CE11B67312100A9284C /* Release */,
			);
			defaultConfigurationIsVisible = 0;
		};
/* End XCConfigurationList section */
	};
	rootObject = 81334CBA1B67312100A9284C /* Project object */;
}
